// !$*UTF8*$!
{
	archiveVersion = 1;
	classes = {
	};
	objectVersion = 50;
	objects = {

/* Begin PBXBuildFile section */
		B47FA7DB234682A20093D481 /* AppDelegate.swift in Sources */ = {isa = PBXBuildFile; fileRef = B47FA7DA234682A20093D481 /* AppDelegate.swift */; };
		B47FA7DD234682A20093D481 /* SceneDelegate.swift in Sources */ = {isa = PBXBuildFile; fileRef = B47FA7DC234682A20093D481 /* SceneDelegate.swift */; };
		B47FA7DF234682A20093D481 /* BasicTemplate.swift in Sources */ = {isa = PBXBuildFile; fileRef = B47FA7DE234682A20093D481 /* BasicTemplate.swift */; };
		B47FA7E1234682A20093D481 /* Assets.xcassets in Resources */ = {isa = PBXBuildFile; fileRef = B47FA7E0234682A20093D481 /* Assets.xcassets */; };
		B47FA7E4234682A20093D481 /* Preview Assets.xcassets in Resources */ = {isa = PBXBuildFile; fileRef = B47FA7E3234682A20093D481 /* Preview Assets.xcassets */; };
		B47FA7E7234682A20093D481 /* LaunchScreen.storyboard in Resources */ = {isa = PBXBuildFile; fileRef = B47FA7E5234682A20093D481 /* LaunchScreen.storyboard */; };
		B47FA7F0234686170093D481 /* Refactoring.swift in Sources */ = {isa = PBXBuildFile; fileRef = B47FA7EF234686170093D481 /* Refactoring.swift */; };
		B47FA7F22346880D0093D481 /* SymbolsIntro.swift in Sources */ = {isa = PBXBuildFile; fileRef = B47FA7F12346880D0093D481 /* SymbolsIntro.swift */; };
		B48150EE236C2C6700CA08F2 /* CustomTableView.swift in Sources */ = {isa = PBXBuildFile; fileRef = B48150ED236C2C6700CA08F2 /* CustomTableView.swift */; };
		B48150F1236C309900CA08F2 /* BaseComponents.swift in Sources */ = {isa = PBXBuildFile; fileRef = B48150F0236C309900CA08F2 /* BaseComponents.swift */; };
		B48150F7236C80CD00CA08F2 /* PeopleModel.swift in Sources */ = {isa = PBXBuildFile; fileRef = B48150F6236C80CD00CA08F2 /* PeopleModel.swift */; };
		B48150FA236C80F100CA08F2 /* Constants.swift in Sources */ = {isa = PBXBuildFile; fileRef = B48150F9236C80F100CA08F2 /* Constants.swift */; };
		B48150FC236C81A100CA08F2 /* AppAssembly.swift in Sources */ = {isa = PBXBuildFile; fileRef = B48150FB236C81A100CA08F2 /* AppAssembly.swift */; };
		B48150FE236C863D00CA08F2 /* TableViewAssembly.swift in Sources */ = {isa = PBXBuildFile; fileRef = B48150FD236C863D00CA08F2 /* TableViewAssembly.swift */; };
		B4815100236C87BD00CA08F2 /* TableViewPresenter.swift in Sources */ = {isa = PBXBuildFile; fileRef = B48150FF236C87BD00CA08F2 /* TableViewPresenter.swift */; };
		B4815102236C88CE00CA08F2 /* TableViewWireframe.swift in Sources */ = {isa = PBXBuildFile; fileRef = B4815101236C88CE00CA08F2 /* TableViewWireframe.swift */; };
		B4815105236C895D00CA08F2 /* Presenter.swift in Sources */ = {isa = PBXBuildFile; fileRef = B4815104236C895D00CA08F2 /* Presenter.swift */; };
		B4815107236C8AC500CA08F2 /* Wireframe.swift in Sources */ = {isa = PBXBuildFile; fileRef = B4815106236C8AC500CA08F2 /* Wireframe.swift */; };
		B4815109236C8B2E00CA08F2 /* Interactor.swift in Sources */ = {isa = PBXBuildFile; fileRef = B4815108236C8B2E00CA08F2 /* Interactor.swift */; };
		B481510F236C961400CA08F2 /* GenericProvider.swift in Sources */ = {isa = PBXBuildFile; fileRef = B481510E236C961400CA08F2 /* GenericProvider.swift */; };
		B4815111236C978A00CA08F2 /* TableViewInteractor.swift in Sources */ = {isa = PBXBuildFile; fileRef = B4815110236C978A00CA08F2 /* TableViewInteractor.swift */; };
		B4815113236C980100CA08F2 /* BaseProvider.swift in Sources */ = {isa = PBXBuildFile; fileRef = B4815112236C980100CA08F2 /* BaseProvider.swift */; };
		B4C81D2C2349E67400567EF1 /* Layers.swift in Sources */ = {isa = PBXBuildFile; fileRef = B4C81D2B2349E67400567EF1 /* Layers.swift */; };
/* End PBXBuildFile section */

/* Begin PBXFileReference section */
		B47FA7D7234682A20093D481 /* SwiftUI_Test.app */ = {isa = PBXFileReference; explicitFileType = wrapper.application; includeInIndex = 0; path = SwiftUI_Test.app; sourceTree = BUILT_PRODUCTS_DIR; };
		B47FA7DA234682A20093D481 /* AppDelegate.swift */ = {isa = PBXFileReference; lastKnownFileType = sourcecode.swift; path = AppDelegate.swift; sourceTree = "<group>"; };
		B47FA7DC234682A20093D481 /* SceneDelegate.swift */ = {isa = PBXFileReference; lastKnownFileType = sourcecode.swift; path = SceneDelegate.swift; sourceTree = "<group>"; };
		B47FA7DE234682A20093D481 /* BasicTemplate.swift */ = {isa = PBXFileReference; lastKnownFileType = sourcecode.swift; path = BasicTemplate.swift; sourceTree = "<group>"; };
		B47FA7E0234682A20093D481 /* Assets.xcassets */ = {isa = PBXFileReference; lastKnownFileType = folder.assetcatalog; path = Assets.xcassets; sourceTree = "<group>"; };
		B47FA7E3234682A20093D481 /* Preview Assets.xcassets */ = {isa = PBXFileReference; lastKnownFileType = folder.assetcatalog; path = "Preview Assets.xcassets"; sourceTree = "<group>"; };
		B47FA7E6234682A20093D481 /* Base */ = {isa = PBXFileReference; lastKnownFileType = file.storyboard; name = Base; path = Base.lproj/LaunchScreen.storyboard; sourceTree = "<group>"; };
		B47FA7E8234682A20093D481 /* Info.plist */ = {isa = PBXFileReference; lastKnownFileType = text.plist.xml; path = Info.plist; sourceTree = "<group>"; };
		B47FA7EF234686170093D481 /* Refactoring.swift */ = {isa = PBXFileReference; lastKnownFileType = sourcecode.swift; path = Refactoring.swift; sourceTree = "<group>"; };
		B47FA7F12346880D0093D481 /* SymbolsIntro.swift */ = {isa = PBXFileReference; lastKnownFileType = sourcecode.swift; path = SymbolsIntro.swift; sourceTree = "<group>"; };
		B48150ED236C2C6700CA08F2 /* CustomTableView.swift */ = {isa = PBXFileReference; lastKnownFileType = sourcecode.swift; path = CustomTableView.swift; sourceTree = "<group>"; };
		B48150F0236C309900CA08F2 /* BaseComponents.swift */ = {isa = PBXFileReference; lastKnownFileType = sourcecode.swift; path = BaseComponents.swift; sourceTree = "<group>"; };
		B48150F6236C80CD00CA08F2 /* PeopleModel.swift */ = {isa = PBXFileReference; lastKnownFileType = sourcecode.swift; path = PeopleModel.swift; sourceTree = "<group>"; };
		B48150F9236C80F100CA08F2 /* Constants.swift */ = {isa = PBXFileReference; lastKnownFileType = sourcecode.swift; path = Constants.swift; sourceTree = "<group>"; };
		B48150FB236C81A100CA08F2 /* AppAssembly.swift */ = {isa = PBXFileReference; lastKnownFileType = sourcecode.swift; path = AppAssembly.swift; sourceTree = "<group>"; };
		B48150FD236C863D00CA08F2 /* TableViewAssembly.swift */ = {isa = PBXFileReference; lastKnownFileType = sourcecode.swift; path = TableViewAssembly.swift; sourceTree = "<group>"; };
		B48150FF236C87BD00CA08F2 /* TableViewPresenter.swift */ = {isa = PBXFileReference; lastKnownFileType = sourcecode.swift; path = TableViewPresenter.swift; sourceTree = "<group>"; };
		B4815101236C88CE00CA08F2 /* TableViewWireframe.swift */ = {isa = PBXFileReference; lastKnownFileType = sourcecode.swift; path = TableViewWireframe.swift; sourceTree = "<group>"; };
		B4815104236C895D00CA08F2 /* Presenter.swift */ = {isa = PBXFileReference; lastKnownFileType = sourcecode.swift; path = Presenter.swift; sourceTree = "<group>"; };
		B4815106236C8AC500CA08F2 /* Wireframe.swift */ = {isa = PBXFileReference; lastKnownFileType = sourcecode.swift; path = Wireframe.swift; sourceTree = "<group>"; };
		B4815108236C8B2E00CA08F2 /* Interactor.swift */ = {isa = PBXFileReference; lastKnownFileType = sourcecode.swift; path = Interactor.swift; sourceTree = "<group>"; };
		B481510E236C961400CA08F2 /* GenericProvider.swift */ = {isa = PBXFileReference; lastKnownFileType = sourcecode.swift; path = GenericProvider.swift; sourceTree = "<group>"; };
		B4815110236C978A00CA08F2 /* TableViewInteractor.swift */ = {isa = PBXFileReference; lastKnownFileType = sourcecode.swift; path = TableViewInteractor.swift; sourceTree = "<group>"; };
		B4815112236C980100CA08F2 /* BaseProvider.swift */ = {isa = PBXFileReference; lastKnownFileType = sourcecode.swift; path = BaseProvider.swift; sourceTree = "<group>"; };
		B4C81D2B2349E67400567EF1 /* Layers.swift */ = {isa = PBXFileReference; lastKnownFileType = sourcecode.swift; path = Layers.swift; sourceTree = "<group>"; };
/* End PBXFileReference section */

/* Begin PBXFrameworksBuildPhase section */
		B47FA7D4234682A20093D481 /* Frameworks */ = {
			isa = PBXFrameworksBuildPhase;
			buildActionMask = 2147483647;
			files = (
			);
			runOnlyForDeploymentPostprocessing = 0;
		};
/* End PBXFrameworksBuildPhase section */

/* Begin PBXGroup section */
		B47FA7CE234682A10093D481 = {
			isa = PBXGroup;
			children = (
				B47FA7D9234682A20093D481 /* SwiftUI_Test */,
				B47FA7D8234682A20093D481 /* Products */,
			);
			sourceTree = "<group>";
		};
		B47FA7D8234682A20093D481 /* Products */ = {
			isa = PBXGroup;
			children = (
				B47FA7D7234682A20093D481 /* SwiftUI_Test.app */,
			);
			name = Products;
			sourceTree = "<group>";
		};
		B47FA7D9234682A20093D481 /* SwiftUI_Test */ = {
			isa = PBXGroup;
			children = (
				B48150F8236C80E500CA08F2 /* API */,
				B48150F5236C7ED300CA08F2 /* MODEL */,
				B48150EF236C308200CA08F2 /* COMPONENTS */,
				B48150EC236C2C4600CA08F2 /* TABLE_VIEW */,
				B47FA7EE234682FC0093D481 /* BASIC_TEMPLATE */,
				B47FA7DA234682A20093D481 /* AppDelegate.swift */,
				B47FA7DC234682A20093D481 /* SceneDelegate.swift */,
				B47FA7E0234682A20093D481 /* Assets.xcassets */,
				B47FA7E5234682A20093D481 /* LaunchScreen.storyboard */,
				B47FA7E8234682A20093D481 /* Info.plist */,
				B47FA7E2234682A20093D481 /* Preview Content */,
			);
			path = SwiftUI_Test;
			sourceTree = "<group>";
		};
		B47FA7E2234682A20093D481 /* Preview Content */ = {
			isa = PBXGroup;
			children = (
				B47FA7E3234682A20093D481 /* Preview Assets.xcassets */,
			);
			path = "Preview Content";
			sourceTree = "<group>";
		};
		B47FA7EE234682FC0093D481 /* BASIC_TEMPLATE */ = {
			isa = PBXGroup;
			children = (
				B47FA7DE234682A20093D481 /* BasicTemplate.swift */,
				B47FA7EF234686170093D481 /* Refactoring.swift */,
				B47FA7F12346880D0093D481 /* SymbolsIntro.swift */,
				B4C81D2B2349E67400567EF1 /* Layers.swift */,
			);
			path = BASIC_TEMPLATE;
			sourceTree = "<group>";
		};
		B48150EC236C2C4600CA08F2 /* TABLE_VIEW */ = {
			isa = PBXGroup;
			children = (
				B48150ED236C2C6700CA08F2 /* CustomTableView.swift */,
			);
			path = TABLE_VIEW;
			sourceTree = "<group>";
		};
		B48150EF236C308200CA08F2 /* COMPONENTS */ = {
			isa = PBXGroup;
			children = (
				B48150F0236C309900CA08F2 /* BaseComponents.swift */,
			);
			path = COMPONENTS;
			sourceTree = "<group>";
		};
		B48150F5236C7ED300CA08F2 /* MODEL */ = {
			isa = PBXGroup;
			children = (
				B48150F6236C80CD00CA08F2 /* PeopleModel.swift */,
			);
			path = MODEL;
			sourceTree = "<group>";
		};
		B48150F8236C80E500CA08F2 /* API */ = {
			isa = PBXGroup;
			children = (
				B4815103236C895000CA08F2 /* GENERIC_CLASS */,
				B48150F9236C80F100CA08F2 /* Constants.swift */,
				B48150FB236C81A100CA08F2 /* AppAssembly.swift */,
				B481510E236C961400CA08F2 /* GenericProvider.swift */,
				B4815112236C980100CA08F2 /* BaseProvider.swift */,
				B48150FD236C863D00CA08F2 /* TableViewAssembly.swift */,
				B48150FF236C87BD00CA08F2 /* TableViewPresenter.swift */,
				B4815101236C88CE00CA08F2 /* TableViewWireframe.swift */,
				B4815110236C978A00CA08F2 /* TableViewInteractor.swift */,
			);
			path = API;
			sourceTree = "<group>";
		};
		B4815103236C895000CA08F2 /* GENERIC_CLASS */ = {
			isa = PBXGroup;
			children = (
				B4815104236C895D00CA08F2 /* Presenter.swift */,
				B4815106236C8AC500CA08F2 /* Wireframe.swift */,
				B4815108236C8B2E00CA08F2 /* Interactor.swift */,
			);
			path = GENERIC_CLASS;
			sourceTree = "<group>";
		};
/* End PBXGroup section */

/* Begin PBXNativeTarget section */
		B47FA7D6234682A20093D481 /* SwiftUI_Test */ = {
			isa = PBXNativeTarget;
			buildConfigurationList = B47FA7EB234682A20093D481 /* Build configuration list for PBXNativeTarget "SwiftUI_Test" */;
			buildPhases = (
				B47FA7D3234682A20093D481 /* Sources */,
				B47FA7D4234682A20093D481 /* Frameworks */,
				B47FA7D5234682A20093D481 /* Resources */,
			);
			buildRules = (
			);
			dependencies = (
			);
			name = SwiftUI_Test;
			productName = SwiftUI_Test;
			productReference = B47FA7D7234682A20093D481 /* SwiftUI_Test.app */;
			productType = "com.apple.product-type.application";
		};
/* End PBXNativeTarget section */

/* Begin PBXProject section */
		B47FA7CF234682A10093D481 /* Project object */ = {
			isa = PBXProject;
			attributes = {
				LastSwiftUpdateCheck = 1100;
				LastUpgradeCheck = 1100;
				ORGANIZATIONNAME = icologic;
				TargetAttributes = {
					B47FA7D6234682A20093D481 = {
						CreatedOnToolsVersion = 11.0;
					};
				};
			};
			buildConfigurationList = B47FA7D2234682A10093D481 /* Build configuration list for PBXProject "SwiftUI_Test" */;
			compatibilityVersion = "Xcode 9.3";
			developmentRegion = en;
			hasScannedForEncodings = 0;
			knownRegions = (
				en,
				Base,
			);
			mainGroup = B47FA7CE234682A10093D481;
			productRefGroup = B47FA7D8234682A20093D481 /* Products */;
			projectDirPath = "";
			projectRoot = "";
			targets = (
				B47FA7D6234682A20093D481 /* SwiftUI_Test */,
			);
		};
/* End PBXProject section */

/* Begin PBXResourcesBuildPhase section */
		B47FA7D5234682A20093D481 /* Resources */ = {
			isa = PBXResourcesBuildPhase;
			buildActionMask = 2147483647;
			files = (
				B47FA7E7234682A20093D481 /* LaunchScreen.storyboard in Resources */,
				B47FA7E4234682A20093D481 /* Preview Assets.xcassets in Resources */,
				B47FA7E1234682A20093D481 /* Assets.xcassets in Resources */,
			);
			runOnlyForDeploymentPostprocessing = 0;
		};
/* End PBXResourcesBuildPhase section */

/* Begin PBXSourcesBuildPhase section */
		B47FA7D3234682A20093D481 /* Sources */ = {
			isa = PBXSourcesBuildPhase;
			buildActionMask = 2147483647;
			files = (
				B4815107236C8AC500CA08F2 /* Wireframe.swift in Sources */,
				B48150F7236C80CD00CA08F2 /* PeopleModel.swift in Sources */,
				B48150FA236C80F100CA08F2 /* Constants.swift in Sources */,
				B4815105236C895D00CA08F2 /* Presenter.swift in Sources */,
				B48150F1236C309900CA08F2 /* BaseComponents.swift in Sources */,
				B481510F236C961400CA08F2 /* GenericProvider.swift in Sources */,
				B4815111236C978A00CA08F2 /* TableViewInteractor.swift in Sources */,
				B47FA7F0234686170093D481 /* Refactoring.swift in Sources */,
				B4C81D2C2349E67400567EF1 /* Layers.swift in Sources */,
				B47FA7DB234682A20093D481 /* AppDelegate.swift in Sources */,
				B4815100236C87BD00CA08F2 /* TableViewPresenter.swift in Sources */,
				B4815113236C980100CA08F2 /* BaseProvider.swift in Sources */,
				B47FA7DD234682A20093D481 /* SceneDelegate.swift in Sources */,
				B48150EE236C2C6700CA08F2 /* CustomTableView.swift in Sources */,
				B47FA7F22346880D0093D481 /* SymbolsIntro.swift in Sources */,
				B4815109236C8B2E00CA08F2 /* Interactor.swift in Sources */,
				B48150FC236C81A100CA08F2 /* AppAssembly.swift in Sources */,
				B4815102236C88CE00CA08F2 /* TableViewWireframe.swift in Sources */,
				B47FA7DF234682A20093D481 /* BasicTemplate.swift in Sources */,
				B48150FE236C863D00CA08F2 /* TableViewAssembly.swift in Sources */,
			);
			runOnlyForDeploymentPostprocessing = 0;
		};
/* End PBXSourcesBuildPhase section */

/* Begin PBXVariantGroup section */
		B47FA7E5234682A20093D481 /* LaunchScreen.storyboard */ = {
			isa = PBXVariantGroup;
			children = (
				B47FA7E6234682A20093D481 /* Base */,
			);
			name = LaunchScreen.storyboard;
			sourceTree = "<group>";
		};
/* End PBXVariantGroup section */

/* Begin XCBuildConfiguration section */
		B47FA7E9234682A20093D481 /* Debug */ = {
			isa = XCBuildConfiguration;
			buildSettings = {
				ALWAYS_SEARCH_USER_PATHS = NO;
				CLANG_ANALYZER_NONNULL = YES;
				CLANG_ANALYZER_NUMBER_OBJECT_CONVERSION = YES_AGGRESSIVE;
				CLANG_CXX_LANGUAGE_STANDARD = "gnu++14";
				CLANG_CXX_LIBRARY = "libc++";
				CLANG_ENABLE_MODULES = YES;
				CLANG_ENABLE_OBJC_ARC = YES;
				CLANG_ENABLE_OBJC_WEAK = YES;
				CLANG_WARN_BLOCK_CAPTURE_AUTORELEASING = YES;
				CLANG_WARN_BOOL_CONVERSION = YES;
				CLANG_WARN_COMMA = YES;
				CLANG_WARN_CONSTANT_CONVERSION = YES;
				CLANG_WARN_DEPRECATED_OBJC_IMPLEMENTATIONS = YES;
				CLANG_WARN_DIRECT_OBJC_ISA_USAGE = YES_ERROR;
				CLANG_WARN_DOCUMENTATION_COMMENTS = YES;
				CLANG_WARN_EMPTY_BODY = YES;
				CLANG_WARN_ENUM_CONVERSION = YES;
				CLANG_WARN_INFINITE_RECURSION = YES;
				CLANG_WARN_INT_CONVERSION = YES;
				CLANG_WARN_NON_LITERAL_NULL_CONVERSION = YES;
				CLANG_WARN_OBJC_IMPLICIT_RETAIN_SELF = YES;
				CLANG_WARN_OBJC_LITERAL_CONVERSION = YES;
				CLANG_WARN_OBJC_ROOT_CLASS = YES_ERROR;
				CLANG_WARN_RANGE_LOOP_ANALYSIS = YES;
				CLANG_WARN_STRICT_PROTOTYPES = YES;
				CLANG_WARN_SUSPICIOUS_MOVE = YES;
				CLANG_WARN_UNGUARDED_AVAILABILITY = YES_AGGRESSIVE;
				CLANG_WARN_UNREACHABLE_CODE = YES;
				CLANG_WARN__DUPLICATE_METHOD_MATCH = YES;
				COPY_PHASE_STRIP = NO;
				DEBUG_INFORMATION_FORMAT = dwarf;
				ENABLE_STRICT_OBJC_MSGSEND = YES;
				ENABLE_TESTABILITY = YES;
				GCC_C_LANGUAGE_STANDARD = gnu11;
				GCC_DYNAMIC_NO_PIC = NO;
				GCC_NO_COMMON_BLOCKS = YES;
				GCC_OPTIMIZATION_LEVEL = 0;
				GCC_PREPROCESSOR_DEFINITIONS = (
					"DEBUG=1",
					"$(inherited)",
				);
				GCC_WARN_64_TO_32_BIT_CONVERSION = YES;
				GCC_WARN_ABOUT_RETURN_TYPE = YES_ERROR;
				GCC_WARN_UNDECLARED_SELECTOR = YES;
				GCC_WARN_UNINITIALIZED_AUTOS = YES_AGGRESSIVE;
				GCC_WARN_UNUSED_FUNCTION = YES;
				GCC_WARN_UNUSED_VARIABLE = YES;
				IPHONEOS_DEPLOYMENT_TARGET = 13.0;
				MTL_ENABLE_DEBUG_INFO = INCLUDE_SOURCE;
				MTL_FAST_MATH = YES;
				ONLY_ACTIVE_ARCH = YES;
				SDKROOT = iphoneos;
				SWIFT_ACTIVE_COMPILATION_CONDITIONS = DEBUG;
				SWIFT_OPTIMIZATION_LEVEL = "-Onone";
			};
			name = Debug;
		};
		B47FA7EA234682A20093D481 /* Release */ = {
			isa = XCBuildConfiguration;
			buildSettings = {
				ALWAYS_SEARCH_USER_PATHS = NO;
				CLANG_ANALYZER_NONNULL = YES;
				CLANG_ANALYZER_NUMBER_OBJECT_CONVERSION = YES_AGGRESSIVE;
				CLANG_CXX_LANGUAGE_STANDARD = "gnu++14";
				CLANG_CXX_LIBRARY = "libc++";
				CLANG_ENABLE_MODULES = YES;
				CLANG_ENABLE_OBJC_ARC = YES;
				CLANG_ENABLE_OBJC_WEAK = YES;
				CLANG_WARN_BLOCK_CAPTURE_AUTORELEASING = YES;
				CLANG_WARN_BOOL_CONVERSION = YES;
				CLANG_WARN_COMMA = YES;
				CLANG_WARN_CONSTANT_CONVERSION = YES;
				CLANG_WARN_DEPRECATED_OBJC_IMPLEMENTATIONS = YES;
				CLANG_WARN_DIRECT_OBJC_ISA_USAGE = YES_ERROR;
				CLANG_WARN_DOCUMENTATION_COMMENTS = YES;
				CLANG_WARN_EMPTY_BODY = YES;
				CLANG_WARN_ENUM_CONVERSION = YES;
				CLANG_WARN_INFINITE_RECURSION = YES;
				CLANG_WARN_INT_CONVERSION = YES;
				CLANG_WARN_NON_LITERAL_NULL_CONVERSION = YES;
				CLANG_WARN_OBJC_IMPLICIT_RETAIN_SELF = YES;
				CLANG_WARN_OBJC_LITERAL_CONVERSION = YES;
				CLANG_WARN_OBJC_ROOT_CLASS = YES_ERROR;
				CLANG_WARN_RANGE_LOOP_ANALYSIS = YES;
				CLANG_WARN_STRICT_PROTOTYPES = YES;
				CLANG_WARN_SUSPICIOUS_MOVE = YES;
				CLANG_WARN_UNGUARDED_AVAILABILITY = YES_AGGRESSIVE;
				CLANG_WARN_UNREACHABLE_CODE = YES;
				CLANG_WARN__DUPLICATE_METHOD_MATCH = YES;
				COPY_PHASE_STRIP = NO;
				DEBUG_INFORMATION_FORMAT = "dwarf-with-dsym";
				ENABLE_NS_ASSERTIONS = NO;
				ENABLE_STRICT_OBJC_MSGSEND = YES;
				GCC_C_LANGUAGE_STANDARD = gnu11;
				GCC_NO_COMMON_BLOCKS = YES;
				GCC_WARN_64_TO_32_BIT_CONVERSION = YES;
				GCC_WARN_ABOUT_RETURN_TYPE = YES_ERROR;
				GCC_WARN_UNDECLARED_SELECTOR = YES;
				GCC_WARN_UNINITIALIZED_AUTOS = YES_AGGRESSIVE;
				GCC_WARN_UNUSED_FUNCTION = YES;
				GCC_WARN_UNUSED_VARIABLE = YES;
				IPHONEOS_DEPLOYMENT_TARGET = 13.0;
				MTL_ENABLE_DEBUG_INFO = NO;
				MTL_FAST_MATH = YES;
				SDKROOT = iphoneos;
				SWIFT_COMPILATION_MODE = wholemodule;
				SWIFT_OPTIMIZATION_LEVEL = "-O";
				VALIDATE_PRODUCT = YES;
			};
			name = Release;
		};
		B47FA7EC234682A20093D481 /* Debug */ = {
			isa = XCBuildConfiguration;
			buildSettings = {
				ASSETCATALOG_COMPILER_APPICON_NAME = AppIcon;
				CODE_SIGN_STYLE = Automatic;
				DEVELOPMENT_ASSET_PATHS = "\"SwiftUI_Test/Preview Content\"";
				DEVELOPMENT_TEAM = 2C7W4RF846;
				ENABLE_PREVIEWS = YES;
				INFOPLIST_FILE = SwiftUI_Test/Info.plist;
				LD_RUNPATH_SEARCH_PATHS = (
					"$(inherited)",
					"@executable_path/Frameworks",
				);
				PRODUCT_BUNDLE_IDENTIFIER = "com.icologic.iOS.SwiftUI-Test";
				PRODUCT_NAME = "$(TARGET_NAME)";
				SWIFT_VERSION = 5.0;
				TARGETED_DEVICE_FAMILY = "1,2";
			};
			name = Debug;
		};
		B47FA7ED234682A20093D481 /* Release */ = {
			isa = XCBuildConfiguration;
			buildSettings = {
				ASSETCATALOG_COMPILER_APPICON_NAME = AppIcon;
				CODE_SIGN_STYLE = Automatic;
				DEVELOPMENT_ASSET_PATHS = "\"SwiftUI_Test/Preview Content\"";
				DEVELOPMENT_TEAM = 2C7W4RF846;
				ENABLE_PREVIEWS = YES;
				INFOPLIST_FILE = SwiftUI_Test/Info.plist;
				LD_RUNPATH_SEARCH_PATHS = (
					"$(inherited)",
					"@executable_path/Frameworks",
				);
				PRODUCT_BUNDLE_IDENTIFIER = "com.icologic.iOS.SwiftUI-Test";
				PRODUCT_NAME = "$(TARGET_NAME)";
				SWIFT_VERSION = 5.0;
				TARGETED_DEVICE_FAMILY = "1,2";
			};
			name = Release;
		};
/* End XCBuildConfiguration section */

/* Begin XCConfigurationList section */
		B47FA7D2234682A10093D481 /* Build configuration list for PBXProject "SwiftUI_Test" */ = {
			isa = XCConfigurationList;
			buildConfigurations = (
				B47FA7E9234682A20093D481 /* Debug */,
				B47FA7EA234682A20093D481 /* Release */,
			);
			defaultConfigurationIsVisible = 0;
			defaultConfigurationName = Release;
		};
		B47FA7EB234682A20093D481 /* Build configuration list for PBXNativeTarget "SwiftUI_Test" */ = {
			isa = XCConfigurationList;
			buildConfigurations = (
				B47FA7EC234682A20093D481 /* Debug */,
				B47FA7ED234682A20093D481 /* Release */,
			);
			defaultConfigurationIsVisible = 0;
			defaultConfigurationName = Release;
		};
/* End XCConfigurationList section */
	};
	rootObject = B47FA7CF234682A10093D481 /* Project object */;
}
